// !$*UTF8*$!
{
	archiveVersion = 1;
	classes = {
	};
	objectVersion = 52;
	objects = {

/* Begin PBXBuildFile section */
		08E2AF6423108D8F00DCCE74 /* MediaDemoConfiguration.plist in Resources */ = {isa = PBXBuildFile; fileRef = 08E2AF6323108D8F00DCCE74 /* MediaDemoConfiguration.plist */; };
		08E2AF6923108EBA00DCCE74 /* Media.m in Sources */ = {isa = PBXBuildFile; fileRef = 08E2AF6823108EBA00DCCE74 /* Media.m */; };
		6F8A93FB20FDCAA800AA6434 /* LaunchScreen~ios.storyboard in Resources */ = {isa = PBXBuildFile; fileRef = 6F8A93F020FDCAA800AA6434 /* LaunchScreen~ios.storyboard */; };
		6F8A93FC20FDCAA800AA6434 /* Images.xcassets in Resources */ = {isa = PBXBuildFile; fileRef = 6F8A93F120FDCAA800AA6434 /* Images.xcassets */; };
		6F8A93FD20FDCAA800AA6434 /* main.m in Sources */ = {isa = PBXBuildFile; fileRef = 6F8A93F520FDCAA800AA6434 /* main.m */; };
		6F8A93FE20FDCAA800AA6434 /* AppDelegate.m in Sources */ = {isa = PBXBuildFile; fileRef = 6F8A93F620FDCAA800AA6434 /* AppDelegate.m */; };
		6F8A93FF20FDCAA800AA6434 /* DemosViewController.m in Sources */ = {isa = PBXBuildFile; fileRef = 6F8A93F920FDCAA800AA6434 /* DemosViewController.m */; };
		6FF6DAB124C6E4E900A9BDF9 /* SRGContentProtection in Frameworks */ = {isa = PBXBuildFile; productRef = 6FF6DAB024C6E4E900A9BDF9 /* SRGContentProtection */; };
/* End PBXBuildFile section */

/* Begin PBXFileReference section */
		0858B69522010C9E000F00CF /* SRGLogger.framework */ = {isa = PBXFileReference; lastKnownFileType = wrapper.framework; name = SRGLogger.framework; path = Carthage/Build/iOS/SRGLogger.framework; sourceTree = "<group>"; };
		0858B69622010C9E000F00CF /* libextobjc.framework */ = {isa = PBXFileReference; lastKnownFileType = wrapper.framework; name = libextobjc.framework; path = Carthage/Build/iOS/libextobjc.framework; sourceTree = "<group>"; };
		0858B69722010C9E000F00CF /* MAKVONotificationCenter.framework */ = {isa = PBXFileReference; lastKnownFileType = wrapper.framework; name = MAKVONotificationCenter.framework; path = Carthage/Build/iOS/MAKVONotificationCenter.framework; sourceTree = "<group>"; };
		08E2AF6323108D8F00DCCE74 /* MediaDemoConfiguration.plist */ = {isa = PBXFileReference; fileEncoding = 4; lastKnownFileType = text.plist.xml; path = MediaDemoConfiguration.plist; sourceTree = "<group>"; };
		08E2AF6723108EBA00DCCE74 /* Media.h */ = {isa = PBXFileReference; fileEncoding = 4; lastKnownFileType = sourcecode.c.h; path = Media.h; sourceTree = "<group>"; };
		08E2AF6823108EBA00DCCE74 /* Media.m */ = {isa = PBXFileReference; fileEncoding = 4; lastKnownFileType = sourcecode.c.objc; path = Media.m; sourceTree = "<group>"; };
		6F0432BC21006E7A002B090A /* SRGNetwork.framework */ = {isa = PBXFileReference; lastKnownFileType = wrapper.framework; name = SRGNetwork.framework; path = Carthage/Build/iOS/SRGNetwork.framework; sourceTree = "<group>"; };
		6F8A93D820FDCA0800AA6434 /* SRGContentProtection-demo.app */ = {isa = PBXFileReference; explicitFileType = wrapper.application; includeInIndex = 0; path = "SRGContentProtection-demo.app"; sourceTree = BUILT_PRODUCTS_DIR; };
		6F8A93F020FDCAA800AA6434 /* LaunchScreen~ios.storyboard */ = {isa = PBXFileReference; fileEncoding = 4; lastKnownFileType = file.storyboard; path = "LaunchScreen~ios.storyboard"; sourceTree = "<group>"; };
		6F8A93F120FDCAA800AA6434 /* Images.xcassets */ = {isa = PBXFileReference; lastKnownFileType = folder.assetcatalog; path = Images.xcassets; sourceTree = "<group>"; };
		6F8A93F420FDCAA800AA6434 /* AppDelegate.h */ = {isa = PBXFileReference; fileEncoding = 4; lastKnownFileType = sourcecode.c.h; path = AppDelegate.h; sourceTree = "<group>"; };
		6F8A93F520FDCAA800AA6434 /* main.m */ = {isa = PBXFileReference; fileEncoding = 4; lastKnownFileType = sourcecode.c.objc; path = main.m; sourceTree = "<group>"; };
		6F8A93F620FDCAA800AA6434 /* AppDelegate.m */ = {isa = PBXFileReference; fileEncoding = 4; lastKnownFileType = sourcecode.c.objc; path = AppDelegate.m; sourceTree = "<group>"; };
		6F8A93F820FDCAA800AA6434 /* DemosViewController.h */ = {isa = PBXFileReference; fileEncoding = 4; lastKnownFileType = sourcecode.c.h; path = DemosViewController.h; sourceTree = "<group>"; };
		6F8A93F920FDCAA800AA6434 /* DemosViewController.m */ = {isa = PBXFileReference; fileEncoding = 4; lastKnownFileType = sourcecode.c.objc; path = DemosViewController.m; sourceTree = "<group>"; };
		6F8A93FA20FDCAA800AA6434 /* Info.plist */ = {isa = PBXFileReference; fileEncoding = 4; lastKnownFileType = text.plist.xml; path = Info.plist; sourceTree = "<group>"; };
		6FB32D2B2527688100BC599B /* SRGContentProtection-demo.entitlements */ = {isa = PBXFileReference; lastKnownFileType = text.plist.entitlements; path = "SRGContentProtection-demo.entitlements"; sourceTree = "<group>"; };
		6FBF24302147F3ED00E576A2 /* SRGDiagnostics.framework */ = {isa = PBXFileReference; lastKnownFileType = wrapper.framework; name = SRGDiagnostics.framework; path = Carthage/Build/iOS/SRGDiagnostics.framework; sourceTree = "<group>"; };
		6FCAB6C023165B0D0043432E /* Demo.xcconfig */ = {isa = PBXFileReference; fileEncoding = 4; lastKnownFileType = text.xcconfig; path = Demo.xcconfig; sourceTree = "<group>"; };
/* End PBXFileReference section */

/* Begin PBXFrameworksBuildPhase section */
		6F8A93D520FDCA0800AA6434 /* Frameworks */ = {
			isa = PBXFrameworksBuildPhase;
			buildActionMask = 2147483647;
			files = (
				6FF6DAB124C6E4E900A9BDF9 /* SRGContentProtection in Frameworks */,
			);
			runOnlyForDeploymentPostprocessing = 0;
		};
/* End PBXFrameworksBuildPhase section */

/* Begin PBXGroup section */
		08E2AF6623108EBA00DCCE74 /* Models */ = {
			isa = PBXGroup;
			children = (
				08E2AF6723108EBA00DCCE74 /* Media.h */,
				08E2AF6823108EBA00DCCE74 /* Media.m */,
			);
			path = Models;
			sourceTree = "<group>";
		};
		6F0EB52720FC7F58009C02CF = {
			isa = PBXGroup;
			children = (
				6FCAB6C023165B0D0043432E /* Demo.xcconfig */,
				6F8A93FA20FDCAA800AA6434 /* Info.plist */,
				6FB32D2B2527688100BC599B /* SRGContentProtection-demo.entitlements */,
				6F8A93F220FDCAA800AA6434 /* Sources */,
				6F8A93EF20FDCAA800AA6434 /* Resources */,
				6F8A945521006A9E00AA6434 /* Frameworks */,
				6F0EB53220FC7F58009C02CF /* Products */,
			);
			sourceTree = "<group>";
		};
		6F0EB53220FC7F58009C02CF /* Products */ = {
			isa = PBXGroup;
			children = (
				6F8A93D820FDCA0800AA6434 /* SRGContentProtection-demo.app */,
			);
			name = Products;
			sourceTree = "<group>";
		};
		6F8A93EF20FDCAA800AA6434 /* Resources */ = {
			isa = PBXGroup;
			children = (
				08E2AF6323108D8F00DCCE74 /* MediaDemoConfiguration.plist */,
				6F8A93F020FDCAA800AA6434 /* LaunchScreen~ios.storyboard */,
				6F8A93F120FDCAA800AA6434 /* Images.xcassets */,
			);
			path = Resources;
			sourceTree = "<group>";
		};
		6F8A93F220FDCAA800AA6434 /* Sources */ = {
			isa = PBXGroup;
			children = (
				6F8A93F320FDCAA800AA6434 /* Application */,
				6F8A93F720FDCAA800AA6434 /* Demos */,
				08E2AF6623108EBA00DCCE74 /* Models */,
			);
			path = Sources;
			sourceTree = "<group>";
		};
		6F8A93F320FDCAA800AA6434 /* Application */ = {
			isa = PBXGroup;
			children = (
				6F8A93F420FDCAA800AA6434 /* AppDelegate.h */,
				6F8A93F620FDCAA800AA6434 /* AppDelegate.m */,
				6F8A93F520FDCAA800AA6434 /* main.m */,
			);
			path = Application;
			sourceTree = "<group>";
		};
		6F8A93F720FDCAA800AA6434 /* Demos */ = {
			isa = PBXGroup;
			children = (
				6F8A93F820FDCAA800AA6434 /* DemosViewController.h */,
				6F8A93F920FDCAA800AA6434 /* DemosViewController.m */,
			);
			path = Demos;
			sourceTree = "<group>";
		};
		6F8A945521006A9E00AA6434 /* Frameworks */ = {
			isa = PBXGroup;
			children = (
				0858B69622010C9E000F00CF /* libextobjc.framework */,
				0858B69722010C9E000F00CF /* MAKVONotificationCenter.framework */,
				6FBF24302147F3ED00E576A2 /* SRGDiagnostics.framework */,
				0858B69522010C9E000F00CF /* SRGLogger.framework */,
				6F0432BC21006E7A002B090A /* SRGNetwork.framework */,
			);
			name = Frameworks;
			sourceTree = "<group>";
		};
/* End PBXGroup section */

/* Begin PBXNativeTarget section */
		6F8A93D720FDCA0800AA6434 /* SRGContentProtection-demo */ = {
			isa = PBXNativeTarget;
			buildConfigurationList = 6F8A93EB20FDCA0900AA6434 /* Build configuration list for PBXNativeTarget "SRGContentProtection-demo" */;
			buildPhases = (
				6F8A93D420FDCA0800AA6434 /* Sources */,
				6F8A93D520FDCA0800AA6434 /* Frameworks */,
				6F8A93D620FDCA0800AA6434 /* Resources */,
			);
			buildRules = (
			);
			dependencies = (
			);
			name = "SRGContentProtection-demo";
			packageProductDependencies = (
				6FF6DAB024C6E4E900A9BDF9 /* SRGContentProtection */,
			);
			productName = "SRGContentProtection-demo";
			productReference = 6F8A93D820FDCA0800AA6434 /* SRGContentProtection-demo.app */;
			productType = "com.apple.product-type.application";
		};
/* End PBXNativeTarget section */

/* Begin PBXProject section */
		6F0EB52820FC7F58009C02CF /* Project object */ = {
			isa = PBXProject;
			attributes = {
				LastUpgradeCheck = 1200;
				ORGANIZATIONNAME = "SRG SSR";
				TargetAttributes = {
					6F8A93D720FDCA0800AA6434 = {
						CreatedOnToolsVersion = 9.4;
					};
				};
			};
			buildConfigurationList = 6F0EB52B20FC7F58009C02CF /* Build configuration list for PBXProject "SRGContentProtection-demo" */;
			compatibilityVersion = "Xcode 9.3";
			developmentRegion = en;
			hasScannedForEncodings = 0;
			knownRegions = (
				en,
				Base,
				it,
				de,
				fr,
				rm,
			);
			mainGroup = 6F0EB52720FC7F58009C02CF;
			productRefGroup = 6F0EB53220FC7F58009C02CF /* Products */;
			projectDirPath = "";
			projectRoot = "";
			targets = (
				6F8A93D720FDCA0800AA6434 /* SRGContentProtection-demo */,
			);
		};
/* End PBXProject section */

/* Begin PBXResourcesBuildPhase section */
		6F8A93D620FDCA0800AA6434 /* Resources */ = {
			isa = PBXResourcesBuildPhase;
			buildActionMask = 2147483647;
			files = (
				6F8A93FB20FDCAA800AA6434 /* LaunchScreen~ios.storyboard in Resources */,
				08E2AF6423108D8F00DCCE74 /* MediaDemoConfiguration.plist in Resources */,
				6F8A93FC20FDCAA800AA6434 /* Images.xcassets in Resources */,
			);
			runOnlyForDeploymentPostprocessing = 0;
		};
/* End PBXResourcesBuildPhase section */

/* Begin PBXSourcesBuildPhase section */
		6F8A93D420FDCA0800AA6434 /* Sources */ = {
			isa = PBXSourcesBuildPhase;
			buildActionMask = 2147483647;
			files = (
				6F8A93FE20FDCAA800AA6434 /* AppDelegate.m in Sources */,
				6F8A93FD20FDCAA800AA6434 /* main.m in Sources */,
				08E2AF6923108EBA00DCCE74 /* Media.m in Sources */,
				6F8A93FF20FDCAA800AA6434 /* DemosViewController.m in Sources */,
			);
			runOnlyForDeploymentPostprocessing = 0;
		};
/* End PBXSourcesBuildPhase section */

/* Begin XCBuildConfiguration section */
		6F0C98DA2121E14000073AB6 /* Debug-static */ = {
			isa = XCBuildConfiguration;
			buildSettings = {
				ALWAYS_SEARCH_USER_PATHS = NO;
				CLANG_ANALYZER_LOCALIZABILITY_NONLOCALIZED = YES;
				CLANG_ANALYZER_NONNULL = YES;
				CLANG_ANALYZER_NUMBER_OBJECT_CONVERSION = YES_AGGRESSIVE;
				CLANG_CXX_LANGUAGE_STANDARD = "gnu++14";
				CLANG_CXX_LIBRARY = "libc++";
				CLANG_ENABLE_MODULES = YES;
				CLANG_ENABLE_OBJC_ARC = YES;
				CLANG_ENABLE_OBJC_WEAK = YES;
				CLANG_WARN_BLOCK_CAPTURE_AUTORELEASING = YES;
				CLANG_WARN_BOOL_CONVERSION = YES;
				CLANG_WARN_COMMA = YES;
				CLANG_WARN_CONSTANT_CONVERSION = YES;
				CLANG_WARN_DEPRECATED_OBJC_IMPLEMENTATIONS = YES;
				CLANG_WARN_DIRECT_OBJC_ISA_USAGE = YES_ERROR;
				CLANG_WARN_DOCUMENTATION_COMMENTS = YES;
				CLANG_WARN_EMPTY_BODY = YES;
				CLANG_WARN_ENUM_CONVERSION = YES;
				CLANG_WARN_INFINITE_RECURSION = YES;
				CLANG_WARN_INT_CONVERSION = YES;
				CLANG_WARN_NON_LITERAL_NULL_CONVERSION = YES;
				CLANG_WARN_OBJC_IMPLICIT_RETAIN_SELF = YES;
				CLANG_WARN_OBJC_LITERAL_CONVERSION = YES;
				CLANG_WARN_OBJC_ROOT_CLASS = YES_ERROR;
				CLANG_WARN_QUOTED_INCLUDE_IN_FRAMEWORK_HEADER = YES;
				CLANG_WARN_RANGE_LOOP_ANALYSIS = YES;
				CLANG_WARN_STRICT_PROTOTYPES = YES;
				CLANG_WARN_SUSPICIOUS_MOVE = YES;
				CLANG_WARN_UNGUARDED_AVAILABILITY = YES_AGGRESSIVE;
				CLANG_WARN_UNREACHABLE_CODE = YES;
				CLANG_WARN__DUPLICATE_METHOD_MATCH = YES;
				CODE_SIGN_IDENTITY = "Apple Development";
				COPY_PHASE_STRIP = NO;
				CURRENT_PROJECT_VERSION = 1;
				DEBUG_INFORMATION_FORMAT = dwarf;
				DYLIB_COMPATIBILITY_VERSION = 1;
				DYLIB_CURRENT_VERSION = 1;
				ENABLE_STRICT_OBJC_MSGSEND = YES;
				ENABLE_TESTABILITY = YES;
				GCC_C_LANGUAGE_STANDARD = gnu11;
				GCC_DYNAMIC_NO_PIC = NO;
				GCC_NO_COMMON_BLOCKS = YES;
				GCC_OPTIMIZATION_LEVEL = 0;
				GCC_PREPROCESSOR_DEFINITIONS = (
					"DEBUG=1",
					"$(inherited)",
				);
				GCC_WARN_64_TO_32_BIT_CONVERSION = YES;
				GCC_WARN_ABOUT_RETURN_TYPE = YES_ERROR;
				GCC_WARN_UNDECLARED_SELECTOR = YES;
				GCC_WARN_UNINITIALIZED_AUTOS = YES_AGGRESSIVE;
				GCC_WARN_UNUSED_FUNCTION = YES;
				GCC_WARN_UNUSED_VARIABLE = YES;
				MTL_ENABLE_DEBUG_INFO = YES;
				ONLY_ACTIVE_ARCH = YES;
				PRODUCT_BUNDLE_IDENTIFIER = "ch.srgssr.$(TARGET_NAME)";
				PRODUCT_NAME = "$(TARGET_NAME)";
			};
			name = "Debug-static";
		};
		6F0C98DC2121E14000073AB6 /* Debug-static */ = {
			isa = XCBuildConfiguration;
			baseConfigurationReference = 6FCAB6C023165B0D0043432E /* Demo.xcconfig */;
			buildSettings = {
				ASSETCATALOG_COMPILER_APPICON_NAME = "$(APP_ICONS_SOURCE)";
				CODE_SIGN_ENTITLEMENTS = "SRGContentProtection-demo.entitlements";
				DEVELOPMENT_TEAM = VMGRRW6SG7;
				INFOPLIST_FILE = Info.plist;
				LD_RUNPATH_SEARCH_PATHS = (
					"$(inherited)",
					"@executable_path/Frameworks",
				);
				SDKROOT = iphoneos;
				SUPPORTS_MACCATALYST = YES;
			};
			name = "Debug-static";
		};
		6F0C98DE2121E14600073AB6 /* Release-static */ = {
			isa = XCBuildConfiguration;
			buildSettings = {
				ALWAYS_SEARCH_USER_PATHS = NO;
				CLANG_ANALYZER_LOCALIZABILITY_NONLOCALIZED = YES;
				CLANG_ANALYZER_NONNULL = YES;
				CLANG_ANALYZER_NUMBER_OBJECT_CONVERSION = YES_AGGRESSIVE;
				CLANG_CXX_LANGUAGE_STANDARD = "gnu++14";
				CLANG_CXX_LIBRARY = "libc++";
				CLANG_ENABLE_MODULES = YES;
				CLANG_ENABLE_OBJC_ARC = YES;
				CLANG_ENABLE_OBJC_WEAK = YES;
				CLANG_WARN_BLOCK_CAPTURE_AUTORELEASING = YES;
				CLANG_WARN_BOOL_CONVERSION = YES;
				CLANG_WARN_COMMA = YES;
				CLANG_WARN_CONSTANT_CONVERSION = YES;
				CLANG_WARN_DEPRECATED_OBJC_IMPLEMENTATIONS = YES;
				CLANG_WARN_DIRECT_OBJC_ISA_USAGE = YES_ERROR;
				CLANG_WARN_DOCUMENTATION_COMMENTS = YES;
				CLANG_WARN_EMPTY_BODY = YES;
				CLANG_WARN_ENUM_CONVERSION = YES;
				CLANG_WARN_INFINITE_RECURSION = YES;
				CLANG_WARN_INT_CONVERSION = YES;
				CLANG_WARN_NON_LITERAL_NULL_CONVERSION = YES;
				CLANG_WARN_OBJC_IMPLICIT_RETAIN_SELF = YES;
				CLANG_WARN_OBJC_LITERAL_CONVERSION = YES;
				CLANG_WARN_OBJC_ROOT_CLASS = YES_ERROR;
				CLANG_WARN_QUOTED_INCLUDE_IN_FRAMEWORK_HEADER = YES;
				CLANG_WARN_RANGE_LOOP_ANALYSIS = YES;
				CLANG_WARN_STRICT_PROTOTYPES = YES;
				CLANG_WARN_SUSPICIOUS_MOVE = YES;
				CLANG_WARN_UNGUARDED_AVAILABILITY = YES_AGGRESSIVE;
				CLANG_WARN_UNREACHABLE_CODE = YES;
				CLANG_WARN__DUPLICATE_METHOD_MATCH = YES;
				CODE_SIGN_IDENTITY = "Apple Development";
				COPY_PHASE_STRIP = NO;
				CURRENT_PROJECT_VERSION = 1;
				DEBUG_INFORMATION_FORMAT = "dwarf-with-dsym";
				DYLIB_COMPATIBILITY_VERSION = 1;
				DYLIB_CURRENT_VERSION = 1;
				ENABLE_NS_ASSERTIONS = NO;
				ENABLE_STRICT_OBJC_MSGSEND = YES;
				GCC_C_LANGUAGE_STANDARD = gnu11;
				GCC_NO_COMMON_BLOCKS = YES;
				GCC_WARN_64_TO_32_BIT_CONVERSION = YES;
				GCC_WARN_ABOUT_RETURN_TYPE = YES_ERROR;
				GCC_WARN_UNDECLARED_SELECTOR = YES;
				GCC_WARN_UNINITIALIZED_AUTOS = YES_AGGRESSIVE;
				GCC_WARN_UNUSED_FUNCTION = YES;
				GCC_WARN_UNUSED_VARIABLE = YES;
				MTL_ENABLE_DEBUG_INFO = NO;
				PRODUCT_BUNDLE_IDENTIFIER = "ch.srgssr.$(TARGET_NAME)";
				PRODUCT_NAME = "$(TARGET_NAME)";
				VALIDATE_PRODUCT = YES;
			};
			name = "Release-static";
		};
		6F0C98E02121E14600073AB6 /* Release-static */ = {
			isa = XCBuildConfiguration;
			baseConfigurationReference = 6FCAB6C023165B0D0043432E /* Demo.xcconfig */;
			buildSettings = {
				ASSETCATALOG_COMPILER_APPICON_NAME = "$(APP_ICONS_SOURCE)";
				CODE_SIGN_ENTITLEMENTS = "SRGContentProtection-demo.entitlements";
				DEVELOPMENT_TEAM = VMGRRW6SG7;
				INFOPLIST_FILE = Info.plist;
				LD_RUNPATH_SEARCH_PATHS = (
					"$(inherited)",
					"@executable_path/Frameworks",
				);
				SDKROOT = iphoneos;
				SUPPORTS_MACCATALYST = YES;
			};
			name = "Release-static";
		};
		6F0EB53720FC7F58009C02CF /* Debug */ = {
			isa = XCBuildConfiguration;
			buildSettings = {
				ALWAYS_SEARCH_USER_PATHS = NO;
				CLANG_ANALYZER_LOCALIZABILITY_NONLOCALIZED = YES;
				CLANG_ANALYZER_NONNULL = YES;
				CLANG_ANALYZER_NUMBER_OBJECT_CONVERSION = YES_AGGRESSIVE;
				CLANG_CXX_LANGUAGE_STANDARD = "gnu++14";
				CLANG_CXX_LIBRARY = "libc++";
				CLANG_ENABLE_MODULES = YES;
				CLANG_ENABLE_OBJC_ARC = YES;
				CLANG_ENABLE_OBJC_WEAK = YES;
				CLANG_WARN_BLOCK_CAPTURE_AUTORELEASING = YES;
				CLANG_WARN_BOOL_CONVERSION = YES;
				CLANG_WARN_COMMA = YES;
				CLANG_WARN_CONSTANT_CONVERSION = YES;
				CLANG_WARN_DEPRECATED_OBJC_IMPLEMENTATIONS = YES;
				CLANG_WARN_DIRECT_OBJC_ISA_USAGE = YES_ERROR;
				CLANG_WARN_DOCUMENTATION_COMMENTS = YES;
				CLANG_WARN_EMPTY_BODY = YES;
				CLANG_WARN_ENUM_CONVERSION = YES;
				CLANG_WARN_INFINITE_RECURSION = YES;
				CLANG_WARN_INT_CONVERSION = YES;
				CLANG_WARN_NON_LITERAL_NULL_CONVERSION = YES;
				CLANG_WARN_OBJC_IMPLICIT_RETAIN_SELF = YES;
				CLANG_WARN_OBJC_LITERAL_CONVERSION = YES;
				CLANG_WARN_OBJC_ROOT_CLASS = YES_ERROR;
				CLANG_WARN_QUOTED_INCLUDE_IN_FRAMEWORK_HEADER = YES;
				CLANG_WARN_RANGE_LOOP_ANALYSIS = YES;
				CLANG_WARN_STRICT_PROTOTYPES = YES;
				CLANG_WARN_SUSPICIOUS_MOVE = YES;
				CLANG_WARN_UNGUARDED_AVAILABILITY = YES_AGGRESSIVE;
				CLANG_WARN_UNREACHABLE_CODE = YES;
				CLANG_WARN__DUPLICATE_METHOD_MATCH = YES;
				CODE_SIGN_IDENTITY = "Apple Development";
				COPY_PHASE_STRIP = NO;
				CURRENT_PROJECT_VERSION = 1;
				DEBUG_INFORMATION_FORMAT = dwarf;
				DYLIB_COMPATIBILITY_VERSION = 1;
				DYLIB_CURRENT_VERSION = 1;
				ENABLE_STRICT_OBJC_MSGSEND = YES;
				ENABLE_TESTABILITY = YES;
				GCC_C_LANGUAGE_STANDARD = gnu11;
				GCC_DYNAMIC_NO_PIC = NO;
				GCC_NO_COMMON_BLOCKS = YES;
				GCC_OPTIMIZATION_LEVEL = 0;
				GCC_PREPROCESSOR_DEFINITIONS = (
					"DEBUG=1",
					"$(inherited)",
				);
				GCC_WARN_64_TO_32_BIT_CONVERSION = YES;
				GCC_WARN_ABOUT_RETURN_TYPE = YES_ERROR;
				GCC_WARN_UNDECLARED_SELECTOR = YES;
				GCC_WARN_UNINITIALIZED_AUTOS = YES_AGGRESSIVE;
				GCC_WARN_UNUSED_FUNCTION = YES;
				GCC_WARN_UNUSED_VARIABLE = YES;
				MTL_ENABLE_DEBUG_INFO = YES;
				ONLY_ACTIVE_ARCH = YES;
				PRODUCT_BUNDLE_IDENTIFIER = "ch.srgssr.$(TARGET_NAME)";
				PRODUCT_NAME = "$(TARGET_NAME)";
			};
			name = Debug;
		};
		6F0EB53820FC7F58009C02CF /* Release */ = {
			isa = XCBuildConfiguration;
			buildSettings = {
				ALWAYS_SEARCH_USER_PATHS = NO;
				CLANG_ANALYZER_LOCALIZABILITY_NONLOCALIZED = YES;
				CLANG_ANALYZER_NONNULL = YES;
				CLANG_ANALYZER_NUMBER_OBJECT_CONVERSION = YES_AGGRESSIVE;
				CLANG_CXX_LANGUAGE_STANDARD = "gnu++14";
				CLANG_CXX_LIBRARY = "libc++";
				CLANG_ENABLE_MODULES = YES;
				CLANG_ENABLE_OBJC_ARC = YES;
				CLANG_ENABLE_OBJC_WEAK = YES;
				CLANG_WARN_BLOCK_CAPTURE_AUTORELEASING = YES;
				CLANG_WARN_BOOL_CONVERSION = YES;
				CLANG_WARN_COMMA = YES;
				CLANG_WARN_CONSTANT_CONVERSION = YES;
				CLANG_WARN_DEPRECATED_OBJC_IMPLEMENTATIONS = YES;
				CLANG_WARN_DIRECT_OBJC_ISA_USAGE = YES_ERROR;
				CLANG_WARN_DOCUMENTATION_COMMENTS = YES;
				CLANG_WARN_EMPTY_BODY = YES;
				CLANG_WARN_ENUM_CONVERSION = YES;
				CLANG_WARN_INFINITE_RECURSION = YES;
				CLANG_WARN_INT_CONVERSION = YES;
				CLANG_WARN_NON_LITERAL_NULL_CONVERSION = YES;
				CLANG_WARN_OBJC_IMPLICIT_RETAIN_SELF = YES;
				CLANG_WARN_OBJC_LITERAL_CONVERSION = YES;
				CLANG_WARN_OBJC_ROOT_CLASS = YES_ERROR;
				CLANG_WARN_QUOTED_INCLUDE_IN_FRAMEWORK_HEADER = YES;
				CLANG_WARN_RANGE_LOOP_ANALYSIS = YES;
				CLANG_WARN_STRICT_PROTOTYPES = YES;
				CLANG_WARN_SUSPICIOUS_MOVE = YES;
				CLANG_WARN_UNGUARDED_AVAILABILITY = YES_AGGRESSIVE;
				CLANG_WARN_UNREACHABLE_CODE = YES;
				CLANG_WARN__DUPLICATE_METHOD_MATCH = YES;
				CODE_SIGN_IDENTITY = "Apple Development";
				COPY_PHASE_STRIP = NO;
				CURRENT_PROJECT_VERSION = 1;
				DEBUG_INFORMATION_FORMAT = "dwarf-with-dsym";
				DYLIB_COMPATIBILITY_VERSION = 1;
				DYLIB_CURRENT_VERSION = 1;
				ENABLE_NS_ASSERTIONS = NO;
				ENABLE_STRICT_OBJC_MSGSEND = YES;
				GCC_C_LANGUAGE_STANDARD = gnu11;
				GCC_NO_COMMON_BLOCKS = YES;
				GCC_WARN_64_TO_32_BIT_CONVERSION = YES;
				GCC_WARN_ABOUT_RETURN_TYPE = YES_ERROR;
				GCC_WARN_UNDECLARED_SELECTOR = YES;
				GCC_WARN_UNINITIALIZED_AUTOS = YES_AGGRESSIVE;
				GCC_WARN_UNUSED_FUNCTION = YES;
				GCC_WARN_UNUSED_VARIABLE = YES;
				MTL_ENABLE_DEBUG_INFO = NO;
				PRODUCT_BUNDLE_IDENTIFIER = "ch.srgssr.$(TARGET_NAME)";
				PRODUCT_NAME = "$(TARGET_NAME)";
				VALIDATE_PRODUCT = YES;
			};
			name = Release;
		};
		6F8A93EC20FDCA0900AA6434 /* Debug */ = {
			isa = XCBuildConfiguration;
			baseConfigurationReference = 6FCAB6C023165B0D0043432E /* Demo.xcconfig */;
			buildSettings = {
				ASSETCATALOG_COMPILER_APPICON_NAME = "$(APP_ICONS_SOURCE)";
				CODE_SIGN_ENTITLEMENTS = "SRGContentProtection-demo.entitlements";
				DEVELOPMENT_TEAM = VMGRRW6SG7;
				INFOPLIST_FILE = Info.plist;
				LD_RUNPATH_SEARCH_PATHS = (
					"$(inherited)",
					"@executable_path/Frameworks",
				);
				SDKROOT = iphoneos;
				SUPPORTS_MACCATALYST = YES;
			};
			name = Debug;
		};
		6F8A93ED20FDCA0900AA6434 /* Release */ = {
			isa = XCBuildConfiguration;
			baseConfigurationReference = 6FCAB6C023165B0D0043432E /* Demo.xcconfig */;
			buildSettings = {
				ASSETCATALOG_COMPILER_APPICON_NAME = "$(APP_ICONS_SOURCE)";
				CODE_SIGN_ENTITLEMENTS = "SRGContentProtection-demo.entitlements";
				DEVELOPMENT_TEAM = VMGRRW6SG7;
				INFOPLIST_FILE = Info.plist;
				LD_RUNPATH_SEARCH_PATHS = (
					"$(inherited)",
					"@executable_path/Frameworks",
				);
				SDKROOT = iphoneos;
				SUPPORTS_MACCATALYST = YES;
			};
			name = Release;
		};
/* End XCBuildConfiguration section */

/* Begin XCConfigurationList section */
		6F0EB52B20FC7F58009C02CF /* Build configuration list for PBXProject "SRGContentProtection-demo" */ = {
			isa = XCConfigurationList;
			buildConfigurations = (
				6F0EB53720FC7F58009C02CF /* Debug */,
				6F0C98DA2121E14000073AB6 /* Debug-static */,
				6F0EB53820FC7F58009C02CF /* Release */,
				6F0C98DE2121E14600073AB6 /* Release-static */,
			);
			defaultConfigurationIsVisible = 0;
			defaultConfigurationName = Release;
		};
		6F8A93EB20FDCA0900AA6434 /* Build configuration list for PBXNativeTarget "SRGContentProtection-demo" */ = {
			isa = XCConfigurationList;
			buildConfigurations = (
				6F8A93EC20FDCA0900AA6434 /* Debug */,
				6F0C98DC2121E14000073AB6 /* Debug-static */,
				6F8A93ED20FDCA0900AA6434 /* Release */,
				6F0C98E02121E14600073AB6 /* Release-static */,
			);
			defaultConfigurationIsVisible = 0;
			defaultConfigurationName = Release;
		};
/* End XCConfigurationList section */

/* Begin XCSwiftPackageProductDependency section */
		6FF6DAB024C6E4E900A9BDF9 /* SRGContentProtection */ = {
			isa = XCSwiftPackageProductDependency;
			productName = SRGContentProtection;
		};
/* End XCSwiftPackageProductDependency section */
	};
	rootObject = 6F0EB52820FC7F58009C02CF /* Project object */;
}
